
Microsoft Visual Studio Solution File, Format Version 12.00
# Visual Studio 2013
VisualStudioVersion = 12.0.21005.1
MinimumVisualStudioVersion = 10.0.40219.1
Project("{FAE04EC0-301F-11D3-BF4B-00C04F79EFBC}") = "GamMatrix.Infrastructure", "GamMatrix.Infrastructure\GamMatrix.Infrastructure.csproj", "{0D9F45CE-13C4-451D-891C-CA1970280578}"
EndProject
Project("{FAE04EC0-301F-11D3-BF4B-00C04F79EFBC}") = "CasinoEngine", "CasinoEngion\CasinoEngine.csproj", "{00370922-3C38-499F-BCA8-E52861CB8059}"
EndProject
Project("{FAE04EC0-301F-11D3-BF4B-00C04F79EFBC}") = "CE", "CE\CE.csproj", "{8FB7B999-721F-474E-A6EA-4C9174B3DC93}"
EndProject
Project("{FAE04EC0-301F-11D3-BF4B-00C04F79EFBC}") = "GamMatrixAPI", "GamMatrixAPI\GamMatrixAPI.csproj", "{8ECA7E32-7CC8-4768-8043-9D2E6AB9FAC7}"
EndProject
Project("{FAE04EC0-301F-11D3-BF4B-00C04F79EFBC}") = "BLToolkit.4", "BLToolkit\BLToolkit.4.csproj", "{0C325F5D-E50E-4340-8724-D29896CCC583}"
EndProject
Project("{FAE04EC0-301F-11D3-BF4B-00C04F79EFBC}") = "GmLogging.Client", "GmLogging.Client\GmLogging.Client.csproj", "{5CCCA8CA-9BE9-4D26-9AAA-3CF0C2A7BC6E}"
EndProject
Global
	GlobalSection(SolutionConfigurationPlatforms) = preSolution
		CE_RELEASE|Any CPU = CE_RELEASE|Any CPU
		CE_RELEASE|Mixed Platforms = CE_RELEASE|Mixed Platforms
		CE_RELEASE|x86 = CE_RELEASE|x86
		CMS_RELEASE|Any CPU = CMS_RELEASE|Any CPU
		CMS_RELEASE|Mixed Platforms = CMS_RELEASE|Mixed Platforms
		CMS_RELEASE|x86 = CMS_RELEASE|x86
		Debug|Any CPU = Debug|Any CPU
		Debug|Mixed Platforms = Debug|Mixed Platforms
		Debug|x86 = Debug|x86
		Release|Any CPU = Release|Any CPU
		Release|Mixed Platforms = Release|Mixed Platforms
		Release|x86 = Release|x86
	EndGlobalSection
	GlobalSection(ProjectConfigurationPlatforms) = postSolution
		{0D9F45CE-13C4-451D-891C-CA1970280578}.CE_RELEASE|Any CPU.ActiveCfg = CE_RELEASE|Any CPU
		{0D9F45CE-13C4-451D-891C-CA1970280578}.CE_RELEASE|Any CPU.Build.0 = CE_RELEASE|Any CPU
		{0D9F45CE-13C4-451D-891C-CA1970280578}.CE_RELEASE|Mixed Platforms.ActiveCfg = CE_RELEASE|Any CPU
		{0D9F45CE-13C4-451D-891C-CA1970280578}.CE_RELEASE|Mixed Platforms.Build.0 = CE_RELEASE|Any CPU
		{0D9F45CE-13C4-451D-891C-CA1970280578}.CE_RELEASE|x86.ActiveCfg = CE_RELEASE|Any CPU
		{0D9F45CE-13C4-451D-891C-CA1970280578}.CMS_RELEASE|Any CPU.ActiveCfg = CMS_RELEASE|Any CPU
		{0D9F45CE-13C4-451D-891C-CA1970280578}.CMS_RELEASE|Any CPU.Build.0 = CMS_RELEASE|Any CPU
		{0D9F45CE-13C4-451D-891C-CA1970280578}.CMS_RELEASE|Mixed Platforms.ActiveCfg = CMS_RELEASE|Any CPU
		{0D9F45CE-13C4-451D-891C-CA1970280578}.CMS_RELEASE|Mixed Platforms.Build.0 = CMS_RELEASE|Any CPU
		{0D9F45CE-13C4-451D-891C-CA1970280578}.CMS_RELEASE|x86.ActiveCfg = CMS_RELEASE|Any CPU
		{0D9F45CE-13C4-451D-891C-CA1970280578}.Debug|Any CPU.ActiveCfg = Debug|Any CPU
		{0D9F45CE-13C4-451D-891C-CA1970280578}.Debug|Any CPU.Build.0 = Debug|Any CPU
		{0D9F45CE-13C4-451D-891C-CA1970280578}.Debug|Mixed Platforms.ActiveCfg = Debug|Any CPU
		{0D9F45CE-13C4-451D-891C-CA1970280578}.Debug|Mixed Platforms.Build.0 = Debug|Any CPU
		{0D9F45CE-13C4-451D-891C-CA1970280578}.Debug|x86.ActiveCfg = Debug|Any CPU
		{0D9F45CE-13C4-451D-891C-CA1970280578}.Release|Any CPU.ActiveCfg = Release|Any CPU
		{0D9F45CE-13C4-451D-891C-CA1970280578}.Release|Any CPU.Build.0 = Release|Any CPU
		{0D9F45CE-13C4-451D-891C-CA1970280578}.Release|Mixed Platforms.ActiveCfg = Release|Any CPU
		{0D9F45CE-13C4-451D-891C-CA1970280578}.Release|Mixed Platforms.Build.0 = Release|Any CPU
		{0D9F45CE-13C4-451D-891C-CA1970280578}.Release|x86.ActiveCfg = Release|Any CPU
		{00370922-3C38-499F-BCA8-E52861CB8059}.CE_RELEASE|Any CPU.ActiveCfg = Release|Any CPU
		{00370922-3C38-499F-BCA8-E52861CB8059}.CE_RELEASE|Any CPU.Build.0 = Release|Any CPU
		{00370922-3C38-499F-BCA8-E52861CB8059}.CE_RELEASE|Mixed Platforms.ActiveCfg = Release|Any CPU
		{00370922-3C38-499F-BCA8-E52861CB8059}.CE_RELEASE|Mixed Platforms.Build.0 = Release|Any CPU
		{00370922-3C38-499F-BCA8-E52861CB8059}.CE_RELEASE|x86.ActiveCfg = Release|Any CPU
		{00370922-3C38-499F-BCA8-E52861CB8059}.CMS_RELEASE|Any CPU.ActiveCfg = CMS_RELEASE|Any CPU
		{00370922-3C38-499F-BCA8-E52861CB8059}.CMS_RELEASE|Mixed Platforms.ActiveCfg = CMS_RELEASE|Any CPU
		{00370922-3C38-499F-BCA8-E52861CB8059}.CMS_RELEASE|Mixed Platforms.Build.0 = CMS_RELEASE|Any CPU
		{00370922-3C38-499F-BCA8-E52861CB8059}.CMS_RELEASE|x86.ActiveCfg = CMS_RELEASE|Any CPU
		{00370922-3C38-499F-BCA8-E52861CB8059}.Debug|Any CPU.ActiveCfg = Debug|Any CPU
		{00370922-3C38-499F-BCA8-E52861CB8059}.Debug|Any CPU.Build.0 = Debug|Any CPU
		{00370922-3C38-499F-BCA8-E52861CB8059}.Debug|Mixed Platforms.ActiveCfg = Debug|Any CPU
		{00370922-3C38-499F-BCA8-E52861CB8059}.Debug|Mixed Platforms.Build.0 = Debug|Any CPU
		{00370922-3C38-499F-BCA8-E52861CB8059}.Debug|x86.ActiveCfg = Debug|Any CPU
		{00370922-3C38-499F-BCA8-E52861CB8059}.Release|Any CPU.ActiveCfg = Release|Any CPU
		{00370922-3C38-499F-BCA8-E52861CB8059}.Release|Any CPU.Build.0 = Release|Any CPU
		{00370922-3C38-499F-BCA8-E52861CB8059}.Release|Mixed Platforms.ActiveCfg = Release|Any CPU
		{00370922-3C38-499F-BCA8-E52861CB8059}.Release|Mixed Platforms.Build.0 = Release|Any CPU
		{00370922-3C38-499F-BCA8-E52861CB8059}.Release|x86.ActiveCfg = Release|Any CPU
		{8FB7B999-721F-474E-A6EA-4C9174B3DC93}.CE_RELEASE|Any CPU.ActiveCfg = Release|Any CPU
		{8FB7B999-721F-474E-A6EA-4C9174B3DC93}.CE_RELEASE|Any CPU.Build.0 = Release|Any CPU
		{8FB7B999-721F-474E-A6EA-4C9174B3DC93}.CE_RELEASE|Mixed Platforms.ActiveCfg = Release|Any CPU
		{8FB7B999-721F-474E-A6EA-4C9174B3DC93}.CE_RELEASE|Mixed Platforms.Build.0 = Release|Any CPU
		{8FB7B999-721F-474E-A6EA-4C9174B3DC93}.CE_RELEASE|x86.ActiveCfg = Release|Any CPU
		{8FB7B999-721F-474E-A6EA-4C9174B3DC93}.CMS_RELEASE|Any CPU.ActiveCfg = CMS_RELEASE|Any CPU
		{8FB7B999-721F-474E-A6EA-4C9174B3DC93}.CMS_RELEASE|Mixed Platforms.ActiveCfg = CMS_RELEASE|Any CPU
		{8FB7B999-721F-474E-A6EA-4C9174B3DC93}.CMS_RELEASE|Mixed Platforms.Build.0 = CMS_RELEASE|Any CPU
		{8FB7B999-721F-474E-A6EA-4C9174B3DC93}.CMS_RELEASE|x86.ActiveCfg = CMS_RELEASE|Any CPU
		{8FB7B999-721F-474E-A6EA-4C9174B3DC93}.Debug|Any CPU.ActiveCfg = Debug|Any CPU
		{8FB7B999-721F-474E-A6EA-4C9174B3DC93}.Debug|Any CPU.Build.0 = Debug|Any CPU
		{8FB7B999-721F-474E-A6EA-4C9174B3DC93}.Debug|Mixed Platforms.ActiveCfg = Debug|Any CPU
		{8FB7B999-721F-474E-A6EA-4C9174B3DC93}.Debug|Mixed Platforms.Build.0 = Debug|Any CPU
		{8FB7B999-721F-474E-A6EA-4C9174B3DC93}.Debug|x86.ActiveCfg = Debug|Any CPU
		{8FB7B999-721F-474E-A6EA-4C9174B3DC93}.Release|Any CPU.ActiveCfg = Release|Any CPU
		{8FB7B999-721F-474E-A6EA-4C9174B3DC93}.Release|Any CPU.Build.0 = Release|Any CPU
		{8FB7B999-721F-474E-A6EA-4C9174B3DC93}.Release|Mixed Platforms.ActiveCfg = Release|Any CPU
		{8FB7B999-721F-474E-A6EA-4C9174B3DC93}.Release|Mixed Platforms.Build.0 = Release|Any CPU
		{8FB7B999-721F-474E-A6EA-4C9174B3DC93}.Release|x86.ActiveCfg = Release|Any CPU
		{8ECA7E32-7CC8-4768-8043-9D2E6AB9FAC7}.CE_RELEASE|Any CPU.ActiveCfg = CE_RELEASE|Any CPU
		{8ECA7E32-7CC8-4768-8043-9D2E6AB9FAC7}.CE_RELEASE|Any CPU.Build.0 = CE_RELEASE|Any CPU
		{8ECA7E32-7CC8-4768-8043-9D2E6AB9FAC7}.CE_RELEASE|Mixed Platforms.ActiveCfg = CE_RELEASE|Any CPU
		{8ECA7E32-7CC8-4768-8043-9D2E6AB9FAC7}.CE_RELEASE|Mixed Platforms.Build.0 = CE_RELEASE|Any CPU
		{8ECA7E32-7CC8-4768-8043-9D2E6AB9FAC7}.CE_RELEASE|x86.ActiveCfg = CE_RELEASE|Any CPU
		{8ECA7E32-7CC8-4768-8043-9D2E6AB9FAC7}.CMS_RELEASE|Any CPU.ActiveCfg = CMS_RELEASE|Any CPU
		{8ECA7E32-7CC8-4768-8043-9D2E6AB9FAC7}.CMS_RELEASE|Any CPU.Build.0 = CMS_RELEASE|Any CPU
		{8ECA7E32-7CC8-4768-8043-9D2E6AB9FAC7}.CMS_RELEASE|Mixed Platforms.ActiveCfg = CMS_RELEASE|Any CPU
		{8ECA7E32-7CC8-4768-8043-9D2E6AB9FAC7}.CMS_RELEASE|Mixed Platforms.Build.0 = CMS_RELEASE|Any CPU
		{8ECA7E32-7CC8-4768-8043-9D2E6AB9FAC7}.CMS_RELEASE|x86.ActiveCfg = CMS_RELEASE|Any CPU
		{8ECA7E32-7CC8-4768-8043-9D2E6AB9FAC7}.Debug|Any CPU.ActiveCfg = Debug|Any CPU
		{8ECA7E32-7CC8-4768-8043-9D2E6AB9FAC7}.Debug|Any CPU.Build.0 = Debug|Any CPU
		{8ECA7E32-7CC8-4768-8043-9D2E6AB9FAC7}.Debug|Mixed Platforms.ActiveCfg = Debug|Any CPU
		{8ECA7E32-7CC8-4768-8043-9D2E6AB9FAC7}.Debug|Mixed Platforms.Build.0 = Debug|Any CPU
		{8ECA7E32-7CC8-4768-8043-9D2E6AB9FAC7}.Debug|x86.ActiveCfg = Debug|Any CPU
		{8ECA7E32-7CC8-4768-8043-9D2E6AB9FAC7}.Release|Any CPU.ActiveCfg = Release|Any CPU
		{8ECA7E32-7CC8-4768-8043-9D2E6AB9FAC7}.Release|Any CPU.Build.0 = Release|Any CPU
		{8ECA7E32-7CC8-4768-8043-9D2E6AB9FAC7}.Release|Mixed Platforms.ActiveCfg = Release|Any CPU
		{8ECA7E32-7CC8-4768-8043-9D2E6AB9FAC7}.Release|Mixed Platforms.Build.0 = Release|Any CPU
		{8ECA7E32-7CC8-4768-8043-9D2E6AB9FAC7}.Release|x86.ActiveCfg = Release|Any CPU
		{0C325F5D-E50E-4340-8724-D29896CCC583}.CE_RELEASE|Any CPU.ActiveCfg = CE_RELEASE|Any CPU
		{0C325F5D-E50E-4340-8724-D29896CCC583}.CE_RELEASE|Any CPU.Build.0 = CE_RELEASE|Any CPU
		{0C325F5D-E50E-4340-8724-D29896CCC583}.CE_RELEASE|Mixed Platforms.ActiveCfg = CE_RELEASE|Any CPU
		{0C325F5D-E50E-4340-8724-D29896CCC583}.CE_RELEASE|Mixed Platforms.Build.0 = CE_RELEASE|Any CPU
		{0C325F5D-E50E-4340-8724-D29896CCC583}.CE_RELEASE|x86.ActiveCfg = CE_RELEASE|Any CPU
		{0C325F5D-E50E-4340-8724-D29896CCC583}.CMS_RELEASE|Any CPU.ActiveCfg = CMS_RELEASE|Any CPU
		{0C325F5D-E50E-4340-8724-D29896CCC583}.CMS_RELEASE|Any CPU.Build.0 = CMS_RELEASE|Any CPU
		{0C325F5D-E50E-4340-8724-D29896CCC583}.CMS_RELEASE|Mixed Platforms.ActiveCfg = CMS_RELEASE|Any CPU
		{0C325F5D-E50E-4340-8724-D29896CCC583}.CMS_RELEASE|Mixed Platforms.Build.0 = CMS_RELEASE|Any CPU
		{0C325F5D-E50E-4340-8724-D29896CCC583}.CMS_RELEASE|x86.ActiveCfg = CMS_RELEASE|Any CPU
		{0C325F5D-E50E-4340-8724-D29896CCC583}.Debug|Any CPU.ActiveCfg = Debug|Any CPU
		{0C325F5D-E50E-4340-8724-D29896CCC583}.Debug|Any CPU.Build.0 = Debug|Any CPU
		{0C325F5D-E50E-4340-8724-D29896CCC583}.Debug|Mixed Platforms.ActiveCfg = Debug|Any CPU
		{0C325F5D-E50E-4340-8724-D29896CCC583}.Debug|Mixed Platforms.Build.0 = Debug|Any CPU
		{0C325F5D-E50E-4340-8724-D29896CCC583}.Debug|x86.ActiveCfg = Debug|Any CPU
		{0C325F5D-E50E-4340-8724-D29896CCC583}.Release|Any CPU.ActiveCfg = Release|Any CPU
		{0C325F5D-E50E-4340-8724-D29896CCC583}.Release|Any CPU.Build.0 = Release|Any CPU
		{0C325F5D-E50E-4340-8724-D29896CCC583}.Release|Mixed Platforms.ActiveCfg = Release|Any CPU
		{0C325F5D-E50E-4340-8724-D29896CCC583}.Release|Mixed Platforms.Build.0 = Release|Any CPU
		{0C325F5D-E50E-4340-8724-D29896CCC583}.Release|x86.ActiveCfg = Release|Any CPU
		{5CCCA8CA-9BE9-4D26-9AAA-3CF0C2A7BC6E}.CE_RELEASE|Any CPU.ActiveCfg = Release|Any CPU
		{5CCCA8CA-9BE9-4D26-9AAA-3CF0C2A7BC6E}.CE_RELEASE|Any CPU.Build.0 = Release|Any CPU
		{5CCCA8CA-9BE9-4D26-9AAA-3CF0C2A7BC6E}.CE_RELEASE|Mixed Platforms.ActiveCfg = Release|Any CPU
		{5CCCA8CA-9BE9-4D26-9AAA-3CF0C2A7BC6E}.CE_RELEASE|Mixed Platforms.Build.0 = Release|Any CPU
		{5CCCA8CA-9BE9-4D26-9AAA-3CF0C2A7BC6E}.CE_RELEASE|x86.ActiveCfg = Release|Any CPU
		{5CCCA8CA-9BE9-4D26-9AAA-3CF0C2A7BC6E}.CMS_RELEASE|Any CPU.ActiveCfg = Release|Any CPU
		{5CCCA8CA-9BE9-4D26-9AAA-3CF0C2A7BC6E}.CMS_RELEASE|Any CPU.Build.0 = Release|Any CPU
		{5CCCA8CA-9BE9-4D26-9AAA-3CF0C2A7BC6E}.CMS_RELEASE|Mixed Platforms.ActiveCfg = Release|Any CPU
		{5CCCA8CA-9BE9-4D26-9AAA-3CF0C2A7BC6E}.CMS_RELEASE|Mixed Platforms.Build.0 = Release|Any CPU
		{5CCCA8CA-9BE9-4D26-9AAA-3CF0C2A7BC6E}.CMS_RELEASE|x86.ActiveCfg = Release|Any CPU
		{5CCCA8CA-9BE9-4D26-9AAA-3CF0C2A7BC6E}.Debug|Any CPU.ActiveCfg = Debug|Any CPU
		{5CCCA8CA-9BE9-4D26-9AAA-3CF0C2A7BC6E}.Debug|Any CPU.Build.0 = Debug|Any CPU
		{5CCCA8CA-9BE9-4D26-9AAA-3CF0C2A7BC6E}.Debug|Mixed Platforms.ActiveCfg = Debug|Any CPU
		{5CCCA8CA-9BE9-4D26-9AAA-3CF0C2A7BC6E}.Debug|Mixed Platforms.Build.0 = Debug|Any CPU
		{5CCCA8CA-9BE9-4D26-9AAA-3CF0C2A7BC6E}.Debug|x86.ActiveCfg = Debug|Any CPU
		{5CCCA8CA-9BE9-4D26-9AAA-3CF0C2A7BC6E}.Release|Any CPU.ActiveCfg = Release|Any CPU
		{5CCCA8CA-9BE9-4D26-9AAA-3CF0C2A7BC6E}.Release|Any CPU.Build.0 = Release|Any CPU
		{5CCCA8CA-9BE9-4D26-9AAA-3CF0C2A7BC6E}.Release|Mixed Platforms.ActiveCfg = Release|Any CPU
		{5CCCA8CA-9BE9-4D26-9AAA-3CF0C2A7BC6E}.Release|Mixed Platforms.Build.0 = Release|Any CPU
		{5CCCA8CA-9BE9-4D26-9AAA-3CF0C2A7BC6E}.Release|x86.ActiveCfg = Release|Any CPU
	EndGlobalSection
	GlobalSection(SolutionProperties) = preSolution
		HideSolutionNode = FALSE
	EndGlobalSection
EndGlobal
