
Microsoft Visual Studio Solution File, Format Version 12.00
# Visual Studio 2013
VisualStudioVersion = 12.0.21005.1
MinimumVisualStudioVersion = 10.0.40219.1
Project("{2150E333-8FDC-42A3-9474-1A3956D46DE8}") = "Solution Items", "Solution Items", "{A078F137-AF3B-41D4-8409-A993DBF1053C}"
	ProjectSection(SolutionItems) = preProject
		EditAssemblyVersion.exe = EditAssemblyVersion.exe
	EndProjectSection
EndProject
Project("{E24C65DC-7377-472B-9ABA-BC803B73C61A}") = "GamMatrix.CMS", "GamMatrix.CMS\", "{C27C7112-AA28-4EC9-B83A-E6F44107E2C0}"
	ProjectSection(WebsiteProperties) = preProject
		TargetFrameworkMoniker = ".NETFramework,Version%3Dv4.0"
		ProjectReferences = "{0D9F45CE-13C4-451D-891C-CA1970280578}|GamMatrix.Infrastructure.dll;{E9C94232-C3F8-4E11-8EDB-FF189BAA431A}|CM.dll;{8ECA7E32-7CC8-4768-8043-9D2E6AB9FAC7}|GamMatrixAPI.dll;{E49DD96F-2687-4396-8C06-77113906D7DE}|GamMatrix.CMS.dll;{0C325F5D-E50E-4340-8724-D29896CCC583}|BLToolkit.4.dll;{418634B2-8D66-42DB-9FCC-800639EC4540}|BookSleeve.dll;"
		Debug.AspNetCompiler.VirtualPath = "/DEV_CMS"
		Debug.AspNetCompiler.PhysicalPath = "GamMatrix.CMS\"
		Debug.AspNetCompiler.TargetPath = "..\..\Jenkins_Publish\DEV_CMS\"
		Debug.AspNetCompiler.Updateable = "false"
		Debug.AspNetCompiler.ForceOverwrite = "true"
		Debug.AspNetCompiler.FixedNames = "false"
		Debug.AspNetCompiler.Debug = "True"
		Release.AspNetCompiler.VirtualPath = "/DEV_CMS"
		Release.AspNetCompiler.PhysicalPath = "GamMatrix.CMS\"
		Release.AspNetCompiler.TargetPath = "..\..\Jenkins_Publish\DEV_CMS\"
		Release.AspNetCompiler.Updateable = "false"
		Release.AspNetCompiler.ForceOverwrite = "true"
		Release.AspNetCompiler.FixedNames = "false"
		Release.AspNetCompiler.Debug = "False"
		VWDPort = "4227"
		VWDVirtualPath = "/"
		SlnRelativePath = "GamMatrix.CMS\"
		DefaultWebSiteLanguage = "Visual C#"
		StartServerOnDebug = "false"
	EndProjectSection
EndProject
Project("{FAE04EC0-301F-11D3-BF4B-00C04F79EFBC}") = "GamMatrix.Infrastructure", "GamMatrix.Infrastructure\GamMatrix.Infrastructure.csproj", "{0D9F45CE-13C4-451D-891C-CA1970280578}"
EndProject
Project("{FAE04EC0-301F-11D3-BF4B-00C04F79EFBC}") = "CM", "CM\CM.csproj", "{E9C94232-C3F8-4E11-8EDB-FF189BAA431A}"
EndProject
Project("{E24C65DC-7377-472B-9ABA-BC803B73C61A}") = "ScreenshotSender", "ScreenshotSender\", "{099B0848-5D5C-4C7C-8BCC-470E7630C653}"
	ProjectSection(WebsiteProperties) = preProject
		TargetFrameworkMoniker = ".NETFramework,Version%3Dv4.0"
		Debug.AspNetCompiler.VirtualPath = "/ScreenshotSender"
		Debug.AspNetCompiler.PhysicalPath = "ScreenshotSender\"
		Debug.AspNetCompiler.TargetPath = "PrecompiledWeb\ScreenshotSender\"
		Debug.AspNetCompiler.Updateable = "true"
		Debug.AspNetCompiler.ForceOverwrite = "true"
		Debug.AspNetCompiler.FixedNames = "false"
		Debug.AspNetCompiler.Debug = "True"
		Release.AspNetCompiler.VirtualPath = "/ScreenshotSender"
		Release.AspNetCompiler.PhysicalPath = "ScreenshotSender\"
		Release.AspNetCompiler.TargetPath = "PrecompiledWeb\ScreenshotSender\"
		Release.AspNetCompiler.Updateable = "true"
		Release.AspNetCompiler.ForceOverwrite = "true"
		Release.AspNetCompiler.FixedNames = "false"
		Release.AspNetCompiler.Debug = "False"
		VWDPort = "4604"
		SlnRelativePath = "ScreenshotSender\"
		DefaultWebSiteLanguage = "Visual C#"
	EndProjectSection
EndProject
Project("{FAE04EC0-301F-11D3-BF4B-00C04F79EFBC}") = "CE", "CE\CE.csproj", "{8FB7B999-721F-474E-A6EA-4C9174B3DC93}"
EndProject
Project("{FAE04EC0-301F-11D3-BF4B-00C04F79EFBC}") = "SyncMetadataToMobileShared", "SyncMetadataToMobileShared\SyncMetadataToMobileShared.csproj", "{6B6A21B9-231B-4191-8C7C-3CD41C1910E4}"
EndProject
Project("{FAE04EC0-301F-11D3-BF4B-00C04F79EFBC}") = "GamMatrixAPI", "GamMatrixAPI\GamMatrixAPI.csproj", "{8ECA7E32-7CC8-4768-8043-9D2E6AB9FAC7}"
EndProject
Project("{FAE04EC0-301F-11D3-BF4B-00C04F79EFBC}") = "GamMatrix.Portal", "GamMatrix.Portal\GamMatrix.Portal.csproj", "{E49DD96F-2687-4396-8C06-77113906D7DE}"
EndProject
Project("{FAE04EC0-301F-11D3-BF4B-00C04F79EFBC}") = "BLToolkit.4", "BLToolkit\BLToolkit.4.csproj", "{0C325F5D-E50E-4340-8724-D29896CCC583}"
EndProject
Project("{FAE04EC0-301F-11D3-BF4B-00C04F79EFBC}") = "BookSleeve", "booksleeve\booksleeve\BookSleeve.csproj", "{418634B2-8D66-42DB-9FCC-800639EC4540}"
EndProject
Project("{FAE04EC0-301F-11D3-BF4B-00C04F79EFBC}") = "BulkOperations", "BulkOperations\BulkOperations.csproj", "{C386BC60-EE7B-47A5-A737-B3EA4B066824}"
EndProject
Project("{FAE04EC0-301F-11D3-BF4B-00C04F79EFBC}") = "GmLogging.Client", "GmLogging.Client\GmLogging.Client.csproj", "{5CCCA8CA-9BE9-4D26-9AAA-3CF0C2A7BC6E}"
EndProject
Global
	GlobalSection(SolutionConfigurationPlatforms) = preSolution
		CE_RELEASE|Any CPU = CE_RELEASE|Any CPU
		CE_RELEASE|Mixed Platforms = CE_RELEASE|Mixed Platforms
		CE_RELEASE|x86 = CE_RELEASE|x86
		CMS_RELEASE|Any CPU = CMS_RELEASE|Any CPU
		CMS_RELEASE|Mixed Platforms = CMS_RELEASE|Mixed Platforms
		CMS_RELEASE|x86 = CMS_RELEASE|x86
		Debug|Any CPU = Debug|Any CPU
		Debug|Mixed Platforms = Debug|Mixed Platforms
		Debug|x86 = Debug|x86
		Release|Any CPU = Release|Any CPU
		Release|Mixed Platforms = Release|Mixed Platforms
		Release|x86 = Release|x86
	EndGlobalSection
	GlobalSection(ProjectConfigurationPlatforms) = postSolution
		{C27C7112-AA28-4EC9-B83A-E6F44107E2C0}.CE_RELEASE|Any CPU.ActiveCfg = Debug|Any CPU
		{C27C7112-AA28-4EC9-B83A-E6F44107E2C0}.CE_RELEASE|Any CPU.Build.0 = Debug|Any CPU
		{C27C7112-AA28-4EC9-B83A-E6F44107E2C0}.CE_RELEASE|Mixed Platforms.ActiveCfg = Debug|Any CPU
		{C27C7112-AA28-4EC9-B83A-E6F44107E2C0}.CE_RELEASE|x86.ActiveCfg = Debug|Any CPU
		{C27C7112-AA28-4EC9-B83A-E6F44107E2C0}.CMS_RELEASE|Any CPU.ActiveCfg = Debug|Any CPU
		{C27C7112-AA28-4EC9-B83A-E6F44107E2C0}.CMS_RELEASE|Mixed Platforms.ActiveCfg = Debug|Any CPU
		{C27C7112-AA28-4EC9-B83A-E6F44107E2C0}.CMS_RELEASE|Mixed Platforms.Build.0 = Debug|Any CPU
		{C27C7112-AA28-4EC9-B83A-E6F44107E2C0}.CMS_RELEASE|x86.ActiveCfg = Debug|Any CPU
		{C27C7112-AA28-4EC9-B83A-E6F44107E2C0}.Debug|Any CPU.ActiveCfg = Debug|Any CPU
		{C27C7112-AA28-4EC9-B83A-E6F44107E2C0}.Debug|Mixed Platforms.ActiveCfg = Debug|Any CPU
		{C27C7112-AA28-4EC9-B83A-E6F44107E2C0}.Debug|x86.ActiveCfg = Debug|Any CPU
		{C27C7112-AA28-4EC9-B83A-E6F44107E2C0}.Release|Any CPU.ActiveCfg = Debug|Any CPU
		{C27C7112-AA28-4EC9-B83A-E6F44107E2C0}.Release|Any CPU.Build.0 = Debug|Any CPU
		{C27C7112-AA28-4EC9-B83A-E6F44107E2C0}.Release|Mixed Platforms.ActiveCfg = Debug|Any CPU
		{C27C7112-AA28-4EC9-B83A-E6F44107E2C0}.Release|Mixed Platforms.Build.0 = Debug|Any CPU
		{C27C7112-AA28-4EC9-B83A-E6F44107E2C0}.Release|x86.ActiveCfg = Debug|Any CPU
		{0D9F45CE-13C4-451D-891C-CA1970280578}.CE_RELEASE|Any CPU.ActiveCfg = CE_RELEASE|Any CPU
		{0D9F45CE-13C4-451D-891C-CA1970280578}.CE_RELEASE|Any CPU.Build.0 = CE_RELEASE|Any CPU
		{0D9F45CE-13C4-451D-891C-CA1970280578}.CE_RELEASE|Mixed Platforms.ActiveCfg = CE_RELEASE|Any CPU
		{0D9F45CE-13C4-451D-891C-CA1970280578}.CE_RELEASE|Mixed Platforms.Build.0 = CE_RELEASE|Any CPU
		{0D9F45CE-13C4-451D-891C-CA1970280578}.CE_RELEASE|x86.ActiveCfg = CE_RELEASE|Any CPU
		{0D9F45CE-13C4-451D-891C-CA1970280578}.CMS_RELEASE|Any CPU.ActiveCfg = CMS_RELEASE|Any CPU
		{0D9F45CE-13C4-451D-891C-CA1970280578}.CMS_RELEASE|Any CPU.Build.0 = CMS_RELEASE|Any CPU
		{0D9F45CE-13C4-451D-891C-CA1970280578}.CMS_RELEASE|Mixed Platforms.ActiveCfg = CMS_RELEASE|Any CPU
		{0D9F45CE-13C4-451D-891C-CA1970280578}.CMS_RELEASE|Mixed Platforms.Build.0 = CMS_RELEASE|Any CPU
		{0D9F45CE-13C4-451D-891C-CA1970280578}.CMS_RELEASE|x86.ActiveCfg = CMS_RELEASE|Any CPU
		{0D9F45CE-13C4-451D-891C-CA1970280578}.Debug|Any CPU.ActiveCfg = Debug|Any CPU
		{0D9F45CE-13C4-451D-891C-CA1970280578}.Debug|Any CPU.Build.0 = Debug|Any CPU
		{0D9F45CE-13C4-451D-891C-CA1970280578}.Debug|Mixed Platforms.ActiveCfg = Debug|Any CPU
		{0D9F45CE-13C4-451D-891C-CA1970280578}.Debug|Mixed Platforms.Build.0 = Debug|Any CPU
		{0D9F45CE-13C4-451D-891C-CA1970280578}.Debug|x86.ActiveCfg = Debug|Any CPU
		{0D9F45CE-13C4-451D-891C-CA1970280578}.Release|Any CPU.ActiveCfg = Release|Any CPU
		{0D9F45CE-13C4-451D-891C-CA1970280578}.Release|Any CPU.Build.0 = Release|Any CPU
		{0D9F45CE-13C4-451D-891C-CA1970280578}.Release|Mixed Platforms.ActiveCfg = Release|Any CPU
		{0D9F45CE-13C4-451D-891C-CA1970280578}.Release|Mixed Platforms.Build.0 = Release|Any CPU
		{0D9F45CE-13C4-451D-891C-CA1970280578}.Release|x86.ActiveCfg = Release|Any CPU
		{E9C94232-C3F8-4E11-8EDB-FF189BAA431A}.CE_RELEASE|Any CPU.ActiveCfg = CE_RELEASE|Any CPU
		{E9C94232-C3F8-4E11-8EDB-FF189BAA431A}.CE_RELEASE|Any CPU.Build.0 = CE_RELEASE|Any CPU
		{E9C94232-C3F8-4E11-8EDB-FF189BAA431A}.CE_RELEASE|Mixed Platforms.ActiveCfg = CE_RELEASE|Any CPU
		{E9C94232-C3F8-4E11-8EDB-FF189BAA431A}.CE_RELEASE|Mixed Platforms.Build.0 = CE_RELEASE|Any CPU
		{E9C94232-C3F8-4E11-8EDB-FF189BAA431A}.CE_RELEASE|x86.ActiveCfg = CE_RELEASE|Any CPU
		{E9C94232-C3F8-4E11-8EDB-FF189BAA431A}.CMS_RELEASE|Any CPU.ActiveCfg = CMS_RELEASE|Any CPU
		{E9C94232-C3F8-4E11-8EDB-FF189BAA431A}.CMS_RELEASE|Any CPU.Build.0 = CMS_RELEASE|Any CPU
		{E9C94232-C3F8-4E11-8EDB-FF189BAA431A}.CMS_RELEASE|Mixed Platforms.ActiveCfg = CMS_RELEASE|Any CPU
		{E9C94232-C3F8-4E11-8EDB-FF189BAA431A}.CMS_RELEASE|Mixed Platforms.Build.0 = CMS_RELEASE|Any CPU
		{E9C94232-C3F8-4E11-8EDB-FF189BAA431A}.CMS_RELEASE|x86.ActiveCfg = CMS_RELEASE|Any CPU
		{E9C94232-C3F8-4E11-8EDB-FF189BAA431A}.Debug|Any CPU.ActiveCfg = Debug|Any CPU
		{E9C94232-C3F8-4E11-8EDB-FF189BAA431A}.Debug|Any CPU.Build.0 = Debug|Any CPU
		{E9C94232-C3F8-4E11-8EDB-FF189BAA431A}.Debug|Mixed Platforms.ActiveCfg = Debug|Any CPU
		{E9C94232-C3F8-4E11-8EDB-FF189BAA431A}.Debug|Mixed Platforms.Build.0 = Debug|Any CPU
		{E9C94232-C3F8-4E11-8EDB-FF189BAA431A}.Debug|x86.ActiveCfg = Debug|Any CPU
		{E9C94232-C3F8-4E11-8EDB-FF189BAA431A}.Debug|x86.Build.0 = Debug|Any CPU
		{E9C94232-C3F8-4E11-8EDB-FF189BAA431A}.Release|Any CPU.ActiveCfg = Release|Any CPU
		{E9C94232-C3F8-4E11-8EDB-FF189BAA431A}.Release|Any CPU.Build.0 = Release|Any CPU
		{E9C94232-C3F8-4E11-8EDB-FF189BAA431A}.Release|Mixed Platforms.ActiveCfg = Release|Any CPU
		{E9C94232-C3F8-4E11-8EDB-FF189BAA431A}.Release|Mixed Platforms.Build.0 = Release|Any CPU
		{E9C94232-C3F8-4E11-8EDB-FF189BAA431A}.Release|x86.ActiveCfg = Release|Any CPU
		{099B0848-5D5C-4C7C-8BCC-470E7630C653}.CE_RELEASE|Any CPU.ActiveCfg = Debug|Any CPU
		{099B0848-5D5C-4C7C-8BCC-470E7630C653}.CE_RELEASE|Any CPU.Build.0 = Debug|Any CPU
		{099B0848-5D5C-4C7C-8BCC-470E7630C653}.CE_RELEASE|Mixed Platforms.ActiveCfg = Debug|Any CPU
		{099B0848-5D5C-4C7C-8BCC-470E7630C653}.CE_RELEASE|x86.ActiveCfg = Debug|Any CPU
		{099B0848-5D5C-4C7C-8BCC-470E7630C653}.CMS_RELEASE|Any CPU.ActiveCfg = Debug|Any CPU
		{099B0848-5D5C-4C7C-8BCC-470E7630C653}.CMS_RELEASE|Mixed Platforms.ActiveCfg = Debug|Any CPU
		{099B0848-5D5C-4C7C-8BCC-470E7630C653}.CMS_RELEASE|Mixed Platforms.Build.0 = Debug|Any CPU
		{099B0848-5D5C-4C7C-8BCC-470E7630C653}.CMS_RELEASE|x86.ActiveCfg = Debug|Any CPU
		{099B0848-5D5C-4C7C-8BCC-470E7630C653}.Debug|Any CPU.ActiveCfg = Debug|Any CPU
		{099B0848-5D5C-4C7C-8BCC-470E7630C653}.Debug|Mixed Platforms.ActiveCfg = Debug|Any CPU
		{099B0848-5D5C-4C7C-8BCC-470E7630C653}.Debug|Mixed Platforms.Build.0 = Debug|Any CPU
		{099B0848-5D5C-4C7C-8BCC-470E7630C653}.Debug|x86.ActiveCfg = Debug|Any CPU
		{099B0848-5D5C-4C7C-8BCC-470E7630C653}.Release|Any CPU.ActiveCfg = Debug|Any CPU
		{099B0848-5D5C-4C7C-8BCC-470E7630C653}.Release|Any CPU.Build.0 = Debug|Any CPU
		{099B0848-5D5C-4C7C-8BCC-470E7630C653}.Release|Mixed Platforms.ActiveCfg = Debug|Any CPU
		{099B0848-5D5C-4C7C-8BCC-470E7630C653}.Release|Mixed Platforms.Build.0 = Debug|Any CPU
		{099B0848-5D5C-4C7C-8BCC-470E7630C653}.Release|x86.ActiveCfg = Debug|Any CPU
		{8FB7B999-721F-474E-A6EA-4C9174B3DC93}.CE_RELEASE|Any CPU.ActiveCfg = Release|Any CPU
		{8FB7B999-721F-474E-A6EA-4C9174B3DC93}.CE_RELEASE|Any CPU.Build.0 = Release|Any CPU
		{8FB7B999-721F-474E-A6EA-4C9174B3DC93}.CE_RELEASE|Mixed Platforms.ActiveCfg = Release|Any CPU
		{8FB7B999-721F-474E-A6EA-4C9174B3DC93}.CE_RELEASE|Mixed Platforms.Build.0 = Release|Any CPU
		{8FB7B999-721F-474E-A6EA-4C9174B3DC93}.CE_RELEASE|x86.ActiveCfg = Release|Any CPU
		{8FB7B999-721F-474E-A6EA-4C9174B3DC93}.CMS_RELEASE|Any CPU.ActiveCfg = CMS_RELEASE|Any CPU
		{8FB7B999-721F-474E-A6EA-4C9174B3DC93}.CMS_RELEASE|Mixed Platforms.ActiveCfg = CMS_RELEASE|Any CPU
		{8FB7B999-721F-474E-A6EA-4C9174B3DC93}.CMS_RELEASE|Mixed Platforms.Build.0 = CMS_RELEASE|Any CPU
		{8FB7B999-721F-474E-A6EA-4C9174B3DC93}.CMS_RELEASE|x86.ActiveCfg = CMS_RELEASE|Any CPU
		{8FB7B999-721F-474E-A6EA-4C9174B3DC93}.Debug|Any CPU.ActiveCfg = Debug|Any CPU
		{8FB7B999-721F-474E-A6EA-4C9174B3DC93}.Debug|Any CPU.Build.0 = Debug|Any CPU
		{8FB7B999-721F-474E-A6EA-4C9174B3DC93}.Debug|Mixed Platforms.ActiveCfg = Debug|Any CPU
		{8FB7B999-721F-474E-A6EA-4C9174B3DC93}.Debug|Mixed Platforms.Build.0 = Debug|Any CPU
		{8FB7B999-721F-474E-A6EA-4C9174B3DC93}.Debug|x86.ActiveCfg = Debug|Any CPU
		{8FB7B999-721F-474E-A6EA-4C9174B3DC93}.Release|Any CPU.ActiveCfg = Release|Any CPU
		{8FB7B999-721F-474E-A6EA-4C9174B3DC93}.Release|Any CPU.Build.0 = Release|Any CPU
		{8FB7B999-721F-474E-A6EA-4C9174B3DC93}.Release|Mixed Platforms.ActiveCfg = Release|Any CPU
		{8FB7B999-721F-474E-A6EA-4C9174B3DC93}.Release|Mixed Platforms.Build.0 = Release|Any CPU
		{8FB7B999-721F-474E-A6EA-4C9174B3DC93}.Release|x86.ActiveCfg = Release|Any CPU
		{6B6A21B9-231B-4191-8C7C-3CD41C1910E4}.CE_RELEASE|Any CPU.ActiveCfg = CE_RELEASE|x86
		{6B6A21B9-231B-4191-8C7C-3CD41C1910E4}.CE_RELEASE|Mixed Platforms.ActiveCfg = CE_RELEASE|x86
		{6B6A21B9-231B-4191-8C7C-3CD41C1910E4}.CE_RELEASE|x86.ActiveCfg = CE_RELEASE|x86
		{6B6A21B9-231B-4191-8C7C-3CD41C1910E4}.CE_RELEASE|x86.Build.0 = CE_RELEASE|x86
		{6B6A21B9-231B-4191-8C7C-3CD41C1910E4}.CMS_RELEASE|Any CPU.ActiveCfg = CMS_RELEASE|x86
		{6B6A21B9-231B-4191-8C7C-3CD41C1910E4}.CMS_RELEASE|Mixed Platforms.ActiveCfg = CMS_RELEASE|x86
		{6B6A21B9-231B-4191-8C7C-3CD41C1910E4}.CMS_RELEASE|Mixed Platforms.Build.0 = CMS_RELEASE|x86
		{6B6A21B9-231B-4191-8C7C-3CD41C1910E4}.CMS_RELEASE|x86.ActiveCfg = CMS_RELEASE|x86
		{6B6A21B9-231B-4191-8C7C-3CD41C1910E4}.CMS_RELEASE|x86.Build.0 = CMS_RELEASE|x86
		{6B6A21B9-231B-4191-8C7C-3CD41C1910E4}.Debug|Any CPU.ActiveCfg = Debug|x86
		{6B6A21B9-231B-4191-8C7C-3CD41C1910E4}.Debug|Mixed Platforms.ActiveCfg = Debug|x86
		{6B6A21B9-231B-4191-8C7C-3CD41C1910E4}.Debug|Mixed Platforms.Build.0 = Debug|x86
		{6B6A21B9-231B-4191-8C7C-3CD41C1910E4}.Debug|x86.ActiveCfg = Debug|x86
		{6B6A21B9-231B-4191-8C7C-3CD41C1910E4}.Release|Any CPU.ActiveCfg = Release|x86
		{6B6A21B9-231B-4191-8C7C-3CD41C1910E4}.Release|Mixed Platforms.ActiveCfg = Release|x86
		{6B6A21B9-231B-4191-8C7C-3CD41C1910E4}.Release|Mixed Platforms.Build.0 = Release|x86
		{6B6A21B9-231B-4191-8C7C-3CD41C1910E4}.Release|x86.ActiveCfg = Release|x86
		{6B6A21B9-231B-4191-8C7C-3CD41C1910E4}.Release|x86.Build.0 = Release|x86
		{8ECA7E32-7CC8-4768-8043-9D2E6AB9FAC7}.CE_RELEASE|Any CPU.ActiveCfg = CE_RELEASE|Any CPU
		{8ECA7E32-7CC8-4768-8043-9D2E6AB9FAC7}.CE_RELEASE|Any CPU.Build.0 = CE_RELEASE|Any CPU
		{8ECA7E32-7CC8-4768-8043-9D2E6AB9FAC7}.CE_RELEASE|Mixed Platforms.ActiveCfg = CE_RELEASE|Any CPU
		{8ECA7E32-7CC8-4768-8043-9D2E6AB9FAC7}.CE_RELEASE|Mixed Platforms.Build.0 = CE_RELEASE|Any CPU
		{8ECA7E32-7CC8-4768-8043-9D2E6AB9FAC7}.CE_RELEASE|x86.ActiveCfg = CE_RELEASE|Any CPU
		{8ECA7E32-7CC8-4768-8043-9D2E6AB9FAC7}.CMS_RELEASE|Any CPU.ActiveCfg = CMS_RELEASE|Any CPU
		{8ECA7E32-7CC8-4768-8043-9D2E6AB9FAC7}.CMS_RELEASE|Any CPU.Build.0 = CMS_RELEASE|Any CPU
		{8ECA7E32-7CC8-4768-8043-9D2E6AB9FAC7}.CMS_RELEASE|Mixed Platforms.ActiveCfg = CMS_RELEASE|Any CPU
		{8ECA7E32-7CC8-4768-8043-9D2E6AB9FAC7}.CMS_RELEASE|Mixed Platforms.Build.0 = CMS_RELEASE|Any CPU
		{8ECA7E32-7CC8-4768-8043-9D2E6AB9FAC7}.CMS_RELEASE|x86.ActiveCfg = CMS_RELEASE|Any CPU
		{8ECA7E32-7CC8-4768-8043-9D2E6AB9FAC7}.Debug|Any CPU.ActiveCfg = Debug|Any CPU
		{8ECA7E32-7CC8-4768-8043-9D2E6AB9FAC7}.Debug|Any CPU.Build.0 = Debug|Any CPU
		{8ECA7E32-7CC8-4768-8043-9D2E6AB9FAC7}.Debug|Mixed Platforms.ActiveCfg = Debug|Any CPU
		{8ECA7E32-7CC8-4768-8043-9D2E6AB9FAC7}.Debug|Mixed Platforms.Build.0 = Debug|Any CPU
		{8ECA7E32-7CC8-4768-8043-9D2E6AB9FAC7}.Debug|x86.ActiveCfg = Debug|Any CPU
		{8ECA7E32-7CC8-4768-8043-9D2E6AB9FAC7}.Release|Any CPU.ActiveCfg = Release|Any CPU
		{8ECA7E32-7CC8-4768-8043-9D2E6AB9FAC7}.Release|Any CPU.Build.0 = Release|Any CPU
		{8ECA7E32-7CC8-4768-8043-9D2E6AB9FAC7}.Release|Mixed Platforms.ActiveCfg = Release|Any CPU
		{8ECA7E32-7CC8-4768-8043-9D2E6AB9FAC7}.Release|Mixed Platforms.Build.0 = Release|Any CPU
		{8ECA7E32-7CC8-4768-8043-9D2E6AB9FAC7}.Release|x86.ActiveCfg = Release|Any CPU
		{E49DD96F-2687-4396-8C06-77113906D7DE}.CE_RELEASE|Any CPU.ActiveCfg = CE_RELEASE|Any CPU
		{E49DD96F-2687-4396-8C06-77113906D7DE}.CE_RELEASE|Any CPU.Build.0 = CE_RELEASE|Any CPU
		{E49DD96F-2687-4396-8C06-77113906D7DE}.CE_RELEASE|Mixed Platforms.ActiveCfg = CE_RELEASE|Any CPU
		{E49DD96F-2687-4396-8C06-77113906D7DE}.CE_RELEASE|Mixed Platforms.Build.0 = CE_RELEASE|Any CPU
		{E49DD96F-2687-4396-8C06-77113906D7DE}.CE_RELEASE|x86.ActiveCfg = CE_RELEASE|Any CPU
		{E49DD96F-2687-4396-8C06-77113906D7DE}.CMS_RELEASE|Any CPU.ActiveCfg = CMS_RELEASE|Any CPU
		{E49DD96F-2687-4396-8C06-77113906D7DE}.CMS_RELEASE|Any CPU.Build.0 = CMS_RELEASE|Any CPU
		{E49DD96F-2687-4396-8C06-77113906D7DE}.CMS_RELEASE|Mixed Platforms.ActiveCfg = CMS_RELEASE|Any CPU
		{E49DD96F-2687-4396-8C06-77113906D7DE}.CMS_RELEASE|Mixed Platforms.Build.0 = CMS_RELEASE|Any CPU
		{E49DD96F-2687-4396-8C06-77113906D7DE}.CMS_RELEASE|x86.ActiveCfg = CMS_RELEASE|Any CPU
		{E49DD96F-2687-4396-8C06-77113906D7DE}.Debug|Any CPU.ActiveCfg = Debug|Any CPU
		{E49DD96F-2687-4396-8C06-77113906D7DE}.Debug|Any CPU.Build.0 = Debug|Any CPU
		{E49DD96F-2687-4396-8C06-77113906D7DE}.Debug|Mixed Platforms.ActiveCfg = Debug|Any CPU
		{E49DD96F-2687-4396-8C06-77113906D7DE}.Debug|Mixed Platforms.Build.0 = Debug|Any CPU
		{E49DD96F-2687-4396-8C06-77113906D7DE}.Debug|x86.ActiveCfg = Debug|Any CPU
		{E49DD96F-2687-4396-8C06-77113906D7DE}.Debug|x86.Build.0 = Debug|Any CPU
		{E49DD96F-2687-4396-8C06-77113906D7DE}.Release|Any CPU.ActiveCfg = Release|Any CPU
		{E49DD96F-2687-4396-8C06-77113906D7DE}.Release|Any CPU.Build.0 = Release|Any CPU
		{E49DD96F-2687-4396-8C06-77113906D7DE}.Release|Mixed Platforms.ActiveCfg = Release|Any CPU
		{E49DD96F-2687-4396-8C06-77113906D7DE}.Release|Mixed Platforms.Build.0 = Release|Any CPU
		{E49DD96F-2687-4396-8C06-77113906D7DE}.Release|x86.ActiveCfg = Release|Any CPU
		{0C325F5D-E50E-4340-8724-D29896CCC583}.CE_RELEASE|Any CPU.ActiveCfg = CE_RELEASE|Any CPU
		{0C325F5D-E50E-4340-8724-D29896CCC583}.CE_RELEASE|Any CPU.Build.0 = CE_RELEASE|Any CPU
		{0C325F5D-E50E-4340-8724-D29896CCC583}.CE_RELEASE|Mixed Platforms.ActiveCfg = CE_RELEASE|Any CPU
		{0C325F5D-E50E-4340-8724-D29896CCC583}.CE_RELEASE|Mixed Platforms.Build.0 = CE_RELEASE|Any CPU
		{0C325F5D-E50E-4340-8724-D29896CCC583}.CE_RELEASE|x86.ActiveCfg = CE_RELEASE|Any CPU
		{0C325F5D-E50E-4340-8724-D29896CCC583}.CMS_RELEASE|Any CPU.ActiveCfg = CMS_RELEASE|Any CPU
		{0C325F5D-E50E-4340-8724-D29896CCC583}.CMS_RELEASE|Any CPU.Build.0 = CMS_RELEASE|Any CPU
		{0C325F5D-E50E-4340-8724-D29896CCC583}.CMS_RELEASE|Mixed Platforms.ActiveCfg = CMS_RELEASE|Any CPU
		{0C325F5D-E50E-4340-8724-D29896CCC583}.CMS_RELEASE|Mixed Platforms.Build.0 = CMS_RELEASE|Any CPU
		{0C325F5D-E50E-4340-8724-D29896CCC583}.CMS_RELEASE|x86.ActiveCfg = CMS_RELEASE|Any CPU
		{0C325F5D-E50E-4340-8724-D29896CCC583}.Debug|Any CPU.ActiveCfg = Debug|Any CPU
		{0C325F5D-E50E-4340-8724-D29896CCC583}.Debug|Any CPU.Build.0 = Debug|Any CPU
		{0C325F5D-E50E-4340-8724-D29896CCC583}.Debug|Mixed Platforms.ActiveCfg = Debug|Any CPU
		{0C325F5D-E50E-4340-8724-D29896CCC583}.Debug|Mixed Platforms.Build.0 = Debug|Any CPU
		{0C325F5D-E50E-4340-8724-D29896CCC583}.Debug|x86.ActiveCfg = Debug|Any CPU
		{0C325F5D-E50E-4340-8724-D29896CCC583}.Release|Any CPU.ActiveCfg = Release|Any CPU
		{0C325F5D-E50E-4340-8724-D29896CCC583}.Release|Any CPU.Build.0 = Release|Any CPU
		{0C325F5D-E50E-4340-8724-D29896CCC583}.Release|Mixed Platforms.ActiveCfg = Release|Any CPU
		{0C325F5D-E50E-4340-8724-D29896CCC583}.Release|Mixed Platforms.Build.0 = Release|Any CPU
		{0C325F5D-E50E-4340-8724-D29896CCC583}.Release|x86.ActiveCfg = Release|Any CPU
		{418634B2-8D66-42DB-9FCC-800639EC4540}.CE_RELEASE|Any CPU.ActiveCfg = CE_RELEASE|Any CPU
		{418634B2-8D66-42DB-9FCC-800639EC4540}.CE_RELEASE|Any CPU.Build.0 = CE_RELEASE|Any CPU
		{418634B2-8D66-42DB-9FCC-800639EC4540}.CE_RELEASE|Mixed Platforms.ActiveCfg = CE_RELEASE|Any CPU
		{418634B2-8D66-42DB-9FCC-800639EC4540}.CE_RELEASE|x86.ActiveCfg = CE_RELEASE|Any CPU
		{418634B2-8D66-42DB-9FCC-800639EC4540}.CMS_RELEASE|Any CPU.ActiveCfg = CMS_RELEASE|Any CPU
		{418634B2-8D66-42DB-9FCC-800639EC4540}.CMS_RELEASE|Mixed Platforms.ActiveCfg = CMS_RELEASE|Any CPU
		{418634B2-8D66-42DB-9FCC-800639EC4540}.CMS_RELEASE|Mixed Platforms.Build.0 = CMS_RELEASE|Any CPU
		{418634B2-8D66-42DB-9FCC-800639EC4540}.CMS_RELEASE|x86.ActiveCfg = CMS_RELEASE|Any CPU
		{418634B2-8D66-42DB-9FCC-800639EC4540}.Debug|Any CPU.ActiveCfg = Debug|Any CPU
		{418634B2-8D66-42DB-9FCC-800639EC4540}.Debug|Any CPU.Build.0 = Debug|Any CPU
		{418634B2-8D66-42DB-9FCC-800639EC4540}.Debug|Mixed Platforms.ActiveCfg = Debug|Any CPU
		{418634B2-8D66-42DB-9FCC-800639EC4540}.Debug|Mixed Platforms.Build.0 = Debug|Any CPU
		{418634B2-8D66-42DB-9FCC-800639EC4540}.Debug|x86.ActiveCfg = Debug|Any CPU
		{418634B2-8D66-42DB-9FCC-800639EC4540}.Release|Any CPU.ActiveCfg = Release|Any CPU
		{418634B2-8D66-42DB-9FCC-800639EC4540}.Release|Any CPU.Build.0 = Release|Any CPU
		{418634B2-8D66-42DB-9FCC-800639EC4540}.Release|Mixed Platforms.ActiveCfg = Release|Any CPU
		{418634B2-8D66-42DB-9FCC-800639EC4540}.Release|Mixed Platforms.Build.0 = Release|Any CPU
		{418634B2-8D66-42DB-9FCC-800639EC4540}.Release|x86.ActiveCfg = Release|Any CPU
		{C386BC60-EE7B-47A5-A737-B3EA4B066824}.CE_RELEASE|Any CPU.ActiveCfg = Release|Any CPU
		{C386BC60-EE7B-47A5-A737-B3EA4B066824}.CE_RELEASE|Any CPU.Build.0 = Release|Any CPU
		{C386BC60-EE7B-47A5-A737-B3EA4B066824}.CE_RELEASE|Mixed Platforms.ActiveCfg = Release|Any CPU
		{C386BC60-EE7B-47A5-A737-B3EA4B066824}.CE_RELEASE|Mixed Platforms.Build.0 = Release|Any CPU
		{C386BC60-EE7B-47A5-A737-B3EA4B066824}.CE_RELEASE|x86.ActiveCfg = Release|Any CPU
		{C386BC60-EE7B-47A5-A737-B3EA4B066824}.CMS_RELEASE|Any CPU.ActiveCfg = Release|Any CPU
		{C386BC60-EE7B-47A5-A737-B3EA4B066824}.CMS_RELEASE|Any CPU.Build.0 = Release|Any CPU
		{C386BC60-EE7B-47A5-A737-B3EA4B066824}.CMS_RELEASE|Mixed Platforms.ActiveCfg = Release|Any CPU
		{C386BC60-EE7B-47A5-A737-B3EA4B066824}.CMS_RELEASE|Mixed Platforms.Build.0 = Release|Any CPU
		{C386BC60-EE7B-47A5-A737-B3EA4B066824}.CMS_RELEASE|x86.ActiveCfg = Release|Any CPU
		{C386BC60-EE7B-47A5-A737-B3EA4B066824}.Debug|Any CPU.ActiveCfg = Debug|Any CPU
		{C386BC60-EE7B-47A5-A737-B3EA4B066824}.Debug|Any CPU.Build.0 = Debug|Any CPU
		{C386BC60-EE7B-47A5-A737-B3EA4B066824}.Debug|Mixed Platforms.ActiveCfg = Debug|Any CPU
		{C386BC60-EE7B-47A5-A737-B3EA4B066824}.Debug|Mixed Platforms.Build.0 = Debug|Any CPU
		{C386BC60-EE7B-47A5-A737-B3EA4B066824}.Debug|x86.ActiveCfg = Debug|Any CPU
		{C386BC60-EE7B-47A5-A737-B3EA4B066824}.Release|Any CPU.ActiveCfg = Release|Any CPU
		{C386BC60-EE7B-47A5-A737-B3EA4B066824}.Release|Any CPU.Build.0 = Release|Any CPU
		{C386BC60-EE7B-47A5-A737-B3EA4B066824}.Release|Mixed Platforms.ActiveCfg = Release|Any CPU
		{C386BC60-EE7B-47A5-A737-B3EA4B066824}.Release|Mixed Platforms.Build.0 = Release|Any CPU
		{C386BC60-EE7B-47A5-A737-B3EA4B066824}.Release|x86.ActiveCfg = Release|Any CPU
		{5CCCA8CA-9BE9-4D26-9AAA-3CF0C2A7BC6E}.CE_RELEASE|Any CPU.ActiveCfg = Release|Any CPU
		{5CCCA8CA-9BE9-4D26-9AAA-3CF0C2A7BC6E}.CE_RELEASE|Any CPU.Build.0 = Release|Any CPU
		{5CCCA8CA-9BE9-4D26-9AAA-3CF0C2A7BC6E}.CE_RELEASE|Mixed Platforms.ActiveCfg = Release|Any CPU
		{5CCCA8CA-9BE9-4D26-9AAA-3CF0C2A7BC6E}.CE_RELEASE|Mixed Platforms.Build.0 = Release|Any CPU
		{5CCCA8CA-9BE9-4D26-9AAA-3CF0C2A7BC6E}.CE_RELEASE|x86.ActiveCfg = Release|Any CPU
		{5CCCA8CA-9BE9-4D26-9AAA-3CF0C2A7BC6E}.CMS_RELEASE|Any CPU.ActiveCfg = Release|Any CPU
		{5CCCA8CA-9BE9-4D26-9AAA-3CF0C2A7BC6E}.CMS_RELEASE|Any CPU.Build.0 = Release|Any CPU
		{5CCCA8CA-9BE9-4D26-9AAA-3CF0C2A7BC6E}.CMS_RELEASE|Mixed Platforms.ActiveCfg = Release|Any CPU
		{5CCCA8CA-9BE9-4D26-9AAA-3CF0C2A7BC6E}.CMS_RELEASE|Mixed Platforms.Build.0 = Release|Any CPU
		{5CCCA8CA-9BE9-4D26-9AAA-3CF0C2A7BC6E}.CMS_RELEASE|x86.ActiveCfg = Release|Any CPU
		{5CCCA8CA-9BE9-4D26-9AAA-3CF0C2A7BC6E}.Debug|Any CPU.ActiveCfg = Debug|Any CPU
		{5CCCA8CA-9BE9-4D26-9AAA-3CF0C2A7BC6E}.Debug|Any CPU.Build.0 = Debug|Any CPU
		{5CCCA8CA-9BE9-4D26-9AAA-3CF0C2A7BC6E}.Debug|Mixed Platforms.ActiveCfg = Debug|Any CPU
		{5CCCA8CA-9BE9-4D26-9AAA-3CF0C2A7BC6E}.Debug|Mixed Platforms.Build.0 = Debug|Any CPU
		{5CCCA8CA-9BE9-4D26-9AAA-3CF0C2A7BC6E}.Debug|x86.ActiveCfg = Debug|Any CPU
		{5CCCA8CA-9BE9-4D26-9AAA-3CF0C2A7BC6E}.Release|Any CPU.ActiveCfg = Release|Any CPU
		{5CCCA8CA-9BE9-4D26-9AAA-3CF0C2A7BC6E}.Release|Any CPU.Build.0 = Release|Any CPU
		{5CCCA8CA-9BE9-4D26-9AAA-3CF0C2A7BC6E}.Release|Mixed Platforms.ActiveCfg = Release|Any CPU
		{5CCCA8CA-9BE9-4D26-9AAA-3CF0C2A7BC6E}.Release|Mixed Platforms.Build.0 = Release|Any CPU
		{5CCCA8CA-9BE9-4D26-9AAA-3CF0C2A7BC6E}.Release|x86.ActiveCfg = Release|Any CPU
	EndGlobalSection
	GlobalSection(SolutionProperties) = preSolution
		HideSolutionNode = FALSE
	EndGlobalSection
	GlobalSection(NestedProjects) = preSolution
		{418634B2-8D66-42DB-9FCC-800639EC4540} = {A078F137-AF3B-41D4-8409-A993DBF1053C}
	EndGlobalSection
EndGlobal
