
Microsoft Visual Studio Solution File, Format Version 12.00
# Visual Studio 2013
VisualStudioVersion = 12.0.30501.0
MinimumVisualStudioVersion = 10.0.40219.1
Project("{FAE04EC0-301F-11D3-BF4B-00C04F79EFBC}") = "RollbackTool", "RollbackTool\RollbackTool.csproj", "{DA51CDF1-4920-4D10-A8C0-91D67D8F0FB6}"
EndProject
Global
	GlobalSection(SolutionConfigurationPlatforms) = preSolution
		Debug|Any CPU = Debug|Any CPU
		Release|Any CPU = Release|Any CPU
	EndGlobalSection
	GlobalSection(ProjectConfigurationPlatforms) = postSolution
		{DA51CDF1-4920-4D10-A8C0-91D67D8F0FB6}.Debug|Any CPU.ActiveCfg = Debug|Any CPU
		{DA51CDF1-4920-4D10-A8C0-91D67D8F0FB6}.Debug|Any CPU.Build.0 = Debug|Any CPU
		{DA51CDF1-4920-4D10-A8C0-91D67D8F0FB6}.Release|Any CPU.ActiveCfg = Release|Any CPU
		{DA51CDF1-4920-4D10-A8C0-91D67D8F0FB6}.Release|Any CPU.Build.0 = Release|Any CPU
	EndGlobalSection
	GlobalSection(SolutionProperties) = preSolution
		HideSolutionNode = FALSE
	EndGlobalSection
EndGlobal
